// !$*UTF8*$!
{
	archiveVersion = 1;
	classes = {
	};
	objectVersion = 46;
	objects = {

/* Begin PBXBuildFile section */
		4AB30ADD1EEE2B56001C4D54 /* main.m in Sources */ = {isa = PBXBuildFile; fileRef = 4AB30ADC1EEE2B56001C4D54 /* main.m */; };
		4AB30AE01EEE2B56001C4D54 /* AppDelegate.m in Sources */ = {isa = PBXBuildFile; fileRef = 4AB30ADF1EEE2B56001C4D54 /* AppDelegate.m */; };
		4AB30AE61EEE2B56001C4D54 /* Main.storyboard in Resources */ = {isa = PBXBuildFile; fileRef = 4AB30AE41EEE2B56001C4D54 /* Main.storyboard */; };
		4AB30AE81EEE2B56001C4D54 /* Assets.xcassets in Resources */ = {isa = PBXBuildFile; fileRef = 4AB30AE71EEE2B56001C4D54 /* Assets.xcassets */; };
		4AB30AEB1EEE2B56001C4D54 /* LaunchScreen.storyboard in Resources */ = {isa = PBXBuildFile; fileRef = 4AB30AE91EEE2B56001C4D54 /* LaunchScreen.storyboard */; };
		4AB30AF41EEE364A001C4D54 /* FirstViewController.m in Sources */ = {isa = PBXBuildFile; fileRef = 4AB30AF31EEE364A001C4D54 /* FirstViewController.m */; };
		4AB30AF71EEE42DF001C4D54 /* SecondViewController.m in Sources */ = {isa = PBXBuildFile; fileRef = 4AB30AF61EEE42DF001C4D54 /* SecondViewController.m */; };
		4AB30AFA1EEE4DB2001C4D54 /* ThirdViewController.m in Sources */ = {isa = PBXBuildFile; fileRef = 4AB30AF91EEE4DB2001C4D54 /* ThirdViewController.m */; };
		4AB30AFD1EEE58C5001C4D54 /* ForthViewController.m in Sources */ = {isa = PBXBuildFile; fileRef = 4AB30AFC1EEE58C5001C4D54 /* ForthViewController.m */; };
		4AB30B001EEE58D9001C4D54 /* CustomView.m in Sources */ = {isa = PBXBuildFile; fileRef = 4AB30AFF1EEE58D9001C4D54 /* CustomView.m */; };
/* End PBXBuildFile section */

/* Begin PBXFileReference section */
		4AB30AD81EEE2B56001C4D54 /* NSNotificationCenter-KVO.app */ = {isa = PBXFileReference; explicitFileType = wrapper.application; includeInIndex = 0; path = "NSNotificationCenter-KVO.app"; sourceTree = BUILT_PRODUCTS_DIR; };
		4AB30ADC1EEE2B56001C4D54 /* main.m */ = {isa = PBXFileReference; lastKnownFileType = sourcecode.c.objc; path = main.m; sourceTree = "<group>"; };
		4AB30ADE1EEE2B56001C4D54 /* AppDelegate.h */ = {isa = PBXFileReference; lastKnownFileType = sourcecode.c.h; path = AppDelegate.h; sourceTree = "<group>"; };
		4AB30ADF1EEE2B56001C4D54 /* AppDelegate.m */ = {isa = PBXFileReference; lastKnownFileType = sourcecode.c.objc; path = AppDelegate.m; sourceTree = "<group>"; };
		4AB30AE51EEE2B56001C4D54 /* Base */ = {isa = PBXFileReference; lastKnownFileType = file.storyboard; name = Base; path = Base.lproj/Main.storyboard; sourceTree = "<group>"; };
		4AB30AE71EEE2B56001C4D54 /* Assets.xcassets */ = {isa = PBXFileReference; lastKnownFileType = folder.assetcatalog; path = Assets.xcassets; sourceTree = "<group>"; };
		4AB30AEA1EEE2B56001C4D54 /* Base */ = {isa = PBXFileReference; lastKnownFileType = file.storyboard; name = Base; path = Base.lproj/LaunchScreen.storyboard; sourceTree = "<group>"; };
		4AB30AEC1EEE2B56001C4D54 /* Info.plist */ = {isa = PBXFileReference; lastKnownFileType = text.plist.xml; path = Info.plist; sourceTree = "<group>"; };
		4AB30AF21EEE364A001C4D54 /* FirstViewController.h */ = {isa = PBXFileReference; fileEncoding = 4; lastKnownFileType = sourcecode.c.h; path = FirstViewController.h; sourceTree = "<group>"; };
		4AB30AF31EEE364A001C4D54 /* FirstViewController.m */ = {isa = PBXFileReference; fileEncoding = 4; lastKnownFileType = sourcecode.c.objc; path = FirstViewController.m; sourceTree = "<group>"; };
		4AB30AF51EEE42DF001C4D54 /* SecondViewController.h */ = {isa = PBXFileReference; fileEncoding = 4; lastKnownFileType = sourcecode.c.h; path = SecondViewController.h; sourceTree = "<group>"; };
		4AB30AF61EEE42DF001C4D54 /* SecondViewController.m */ = {isa = PBXFileReference; fileEncoding = 4; lastKnownFileType = sourcecode.c.objc; path = SecondViewController.m; sourceTree = "<group>"; };
		4AB30AF81EEE4DB2001C4D54 /* ThirdViewController.h */ = {isa = PBXFileReference; fileEncoding = 4; lastKnownFileType = sourcecode.c.h; path = ThirdViewController.h; sourceTree = "<group>"; };
		4AB30AF91EEE4DB2001C4D54 /* ThirdViewController.m */ = {isa = PBXFileReference; fileEncoding = 4; lastKnownFileType = sourcecode.c.objc; path = ThirdViewController.m; sourceTree = "<group>"; };
		4AB30AFB1EEE58C5001C4D54 /* ForthViewController.h */ = {isa = PBXFileReference; fileEncoding = 4; lastKnownFileType = sourcecode.c.h; path = ForthViewController.h; sourceTree = "<group>"; };
		4AB30AFC1EEE58C5001C4D54 /* ForthViewController.m */ = {isa = PBXFileReference; fileEncoding = 4; lastKnownFileType = sourcecode.c.objc; path = ForthViewController.m; sourceTree = "<group>"; };
		4AB30AFE1EEE58D9001C4D54 /* CustomView.h */ = {isa = PBXFileReference; fileEncoding = 4; lastKnownFileType = sourcecode.c.h; path = CustomView.h; sourceTree = "<group>"; };
		4AB30AFF1EEE58D9001C4D54 /* CustomView.m */ = {isa = PBXFileReference; fileEncoding = 4; lastKnownFileType = sourcecode.c.objc; path = CustomView.m; sourceTree = "<group>"; };
/* End PBXFileReference section */

/* Begin PBXFrameworksBuildPhase section */
		4AB30AD51EEE2B56001C4D54 /* Frameworks */ = {
			isa = PBXFrameworksBuildPhase;
			buildActionMask = 2147483647;
			files = (
			);
			runOnlyForDeploymentPostprocessing = 0;
		};
/* End PBXFrameworksBuildPhase section */

/* Begin PBXGroup section */
		4AB30ACF1EEE2B56001C4D54 = {
			isa = PBXGroup;
			children = (
				4AB30ADA1EEE2B56001C4D54 /* NSNotificationCenter-KVO */,
				4AB30AD91EEE2B56001C4D54 /* Products */,
			);
			sourceTree = "<group>";
		};
		4AB30AD91EEE2B56001C4D54 /* Products */ = {
			isa = PBXGroup;
			children = (
				4AB30AD81EEE2B56001C4D54 /* NSNotificationCenter-KVO.app */,
			);
			name = Products;
			sourceTree = "<group>";
		};
		4AB30ADA1EEE2B56001C4D54 /* NSNotificationCenter-KVO */ = {
			isa = PBXGroup;
			children = (
				4AB30ADE1EEE2B56001C4D54 /* AppDelegate.h */,
				4AB30ADF1EEE2B56001C4D54 /* AppDelegate.m */,
				4AB30AF21EEE364A001C4D54 /* FirstViewController.h */,
				4AB30AF31EEE364A001C4D54 /* FirstViewController.m */,
				4AB30AF51EEE42DF001C4D54 /* SecondViewController.h */,
				4AB30AF61EEE42DF001C4D54 /* SecondViewController.m */,
				4AB30AF81EEE4DB2001C4D54 /* ThirdViewController.h */,
				4AB30AF91EEE4DB2001C4D54 /* ThirdViewController.m */,
				4AB30AFB1EEE58C5001C4D54 /* ForthViewController.h */,
				4AB30AFC1EEE58C5001C4D54 /* ForthViewController.m */,
				4AB30AFE1EEE58D9001C4D54 /* CustomView.h */,
				4AB30AFF1EEE58D9001C4D54 /* CustomView.m */,
				4AB30AE41EEE2B56001C4D54 /* Main.storyboard */,
				4AB30AE71EEE2B56001C4D54 /* Assets.xcassets */,
				4AB30AE91EEE2B56001C4D54 /* LaunchScreen.storyboard */,
				4AB30AEC1EEE2B56001C4D54 /* Info.plist */,
				4AB30ADB1EEE2B56001C4D54 /* Supporting Files */,
			);
			path = "NSNotificationCenter-KVO";
			sourceTree = "<group>";
		};
		4AB30ADB1EEE2B56001C4D54 /* Supporting Files */ = {
			isa = PBXGroup;
			children = (
				4AB30ADC1EEE2B56001C4D54 /* main.m */,
			);
			name = "Supporting Files";
			sourceTree = "<group>";
		};
/* End PBXGroup section */

/* Begin PBXNativeTarget section */
		4AB30AD71EEE2B56001C4D54 /* NSNotificationCenter-KVO */ = {
			isa = PBXNativeTarget;
			buildConfigurationList = 4AB30AEF1EEE2B56001C4D54 /* Build configuration list for PBXNativeTarget "NSNotificationCenter-KVO" */;
			buildPhases = (
				4AB30AD41EEE2B56001C4D54 /* Sources */,
				4AB30AD51EEE2B56001C4D54 /* Frameworks */,
				4AB30AD61EEE2B56001C4D54 /* Resources */,
			);
			buildRules = (
			);
			dependencies = (
			);
			name = "NSNotificationCenter-KVO";
			productName = "NSNotificationCenter-KVO";
			productReference = 4AB30AD81EEE2B56001C4D54 /* NSNotificationCenter-KVO.app */;
			productType = "com.apple.product-type.application";
		};
/* End PBXNativeTarget section */

/* Begin PBXProject section */
		4AB30AD01EEE2B56001C4D54 /* Project object */ = {
			isa = PBXProject;
			attributes = {
				LastUpgradeCheck = 0830;
				ORGANIZATIONNAME = Harry;
				TargetAttributes = {
					4AB30AD71EEE2B56001C4D54 = {
						CreatedOnToolsVersion = 8.3.3;
						DevelopmentTeam = HCCWVL286N;
						ProvisioningStyle = Automatic;
					};
				};
			};
			buildConfigurationList = 4AB30AD31EEE2B56001C4D54 /* Build configuration list for PBXProject "NSNotificationCenter-KVO" */;
			compatibilityVersion = "Xcode 3.2";
			developmentRegion = English;
			hasScannedForEncodings = 0;
			knownRegions = (
				en,
				Base,
			);
			mainGroup = 4AB30ACF1EEE2B56001C4D54;
			productRefGroup = 4AB30AD91EEE2B56001C4D54 /* Products */;
			projectDirPath = "";
			projectRoot = "";
			targets = (
				4AB30AD71EEE2B56001C4D54 /* NSNotificationCenter-KVO */,
			);
		};
/* End PBXProject section */

/* Begin PBXResourcesBuildPhase section */
		4AB30AD61EEE2B56001C4D54 /* Resources */ = {
			isa = PBXResourcesBuildPhase;
			buildActionMask = 2147483647;
			files = (
				4AB30AEB1EEE2B56001C4D54 /* LaunchScreen.storyboard in Resources */,
				4AB30AE81EEE2B56001C4D54 /* Assets.xcassets in Resources */,
				4AB30AE61EEE2B56001C4D54 /* Main.storyboard in Resources */,
			);
			runOnlyForDeploymentPostprocessing = 0;
		};
/* End PBXResourcesBuildPhase section */

/* Begin PBXSourcesBuildPhase section */
		4AB30AD41EEE2B56001C4D54 /* Sources */ = {
			isa = PBXSourcesBuildPhase;
			buildActionMask = 2147483647;
			files = (
				4AB30AF71EEE42DF001C4D54 /* SecondViewController.m in Sources */,
				4AB30AFA1EEE4DB2001C4D54 /* ThirdViewController.m in Sources */,
				4AB30AFD1EEE58C5001C4D54 /* ForthViewController.m in Sources */,
				4AB30AE01EEE2B56001C4D54 /* AppDelegate.m in Sources */,
				4AB30B001EEE58D9001C4D54 /* CustomView.m in Sources */,
				4AB30ADD1EEE2B56001C4D54 /* main.m in Sources */,
				4AB30AF41EEE364A001C4D54 /* FirstViewController.m in Sources */,
			);
			runOnlyForDeploymentPostprocessing = 0;
		};
/* End PBXSourcesBuildPhase section */

/* Begin PBXVariantGroup section */
		4AB30AE41EEE2B56001C4D54 /* Main.storyboard */ = {
			isa = PBXVariantGroup;
			children = (
				4AB30AE51EEE2B56001C4D54 /* Base */,
			);
			name = Main.storyboard;
			sourceTree = "<group>";
		};
		4AB30AE91EEE2B56001C4D54 /* LaunchScreen.storyboard */ = {
			isa = PBXVariantGroup;
			children = (
				4AB30AEA1EEE2B56001C4D54 /* Base */,
			);
			name = LaunchScreen.storyboard;
			sourceTree = "<group>";
		};
/* End PBXVariantGroup section */

/* Begin XCBuildConfiguration section */
		4AB30AED1EEE2B56001C4D54 /* Debug */ = {
			isa = XCBuildConfiguration;
			buildSettings = {
				ALWAYS_SEARCH_USER_PATHS = NO;
				CLANG_ANALYZER_NONNULL = YES;
				CLANG_ANALYZER_NUMBER_OBJECT_CONVERSION = YES_AGGRESSIVE;
				CLANG_CXX_LANGUAGE_STANDARD = "gnu++0x";
				CLANG_CXX_LIBRARY = "libc++";
				CLANG_ENABLE_MODULES = YES;
				CLANG_ENABLE_OBJC_ARC = YES;
				CLANG_WARN_BOOL_CONVERSION = YES;
				CLANG_WARN_CONSTANT_CONVERSION = YES;
				CLANG_WARN_DIRECT_OBJC_ISA_USAGE = YES_ERROR;
				CLANG_WARN_DOCUMENTATION_COMMENTS = YES;
				CLANG_WARN_EMPTY_BODY = YES;
				CLANG_WARN_ENUM_CONVERSION = YES;
				CLANG_WARN_INFINITE_RECURSION = YES;
				CLANG_WARN_INT_CONVERSION = YES;
				CLANG_WARN_OBJC_ROOT_CLASS = YES_ERROR;
				CLANG_WARN_SUSPICIOUS_MOVE = YES;
				CLANG_WARN_UNREACHABLE_CODE = YES;
				CLANG_WARN__DUPLICATE_METHOD_MATCH = YES;
				"CODE_SIGN_IDENTITY[sdk=iphoneos*]" = "iPhone Developer";
				COPY_PHASE_STRIP = NO;
				DEBUG_INFORMATION_FORMAT = dwarf;
				ENABLE_STRICT_OBJC_MSGSEND = YES;
				ENABLE_TESTABILITY = YES;
				GCC_C_LANGUAGE_STANDARD = gnu99;
				GCC_DYNAMIC_NO_PIC = NO;
				GCC_NO_COMMON_BLOCKS = YES;
				GCC_OPTIMIZATION_LEVEL = 0;
				GCC_PREPROCESSOR_DEFINITIONS = (
					"DEBUG=1",
					"$(inherited)",
				);
				GCC_WARN_64_TO_32_BIT_CONVERSION = YES;
				GCC_WARN_ABOUT_RETURN_TYPE = YES_ERROR;
				GCC_WARN_UNDECLARED_SELECTOR = YES;
				GCC_WARN_UNINITIALIZED_AUTOS = YES_AGGRESSIVE;
				GCC_WARN_UNUSED_FUNCTION = YES;
				GCC_WARN_UNUSED_VARIABLE = YES;
				IPHONEOS_DEPLOYMENT_TARGET = 10.3;
				MTL_ENABLE_DEBUG_INFO = YES;
				ONLY_ACTIVE_ARCH = YES;
				SDKROOT = iphoneos;
				TARGETED_DEVICE_FAMILY = "1,2";
			};
			name = Debug;
		};
		4AB30AEE1EEE2B56001C4D54 /* Release */ = {
			isa = XCBuildConfiguration;
			buildSettings = {
				ALWAYS_SEARCH_USER_PATHS = NO;
				CLANG_ANALYZER_NONNULL = YES;
				CLANG_ANALYZER_NUMBER_OBJECT_CONVERSION = YES_AGGRESSIVE;
				CLANG_CXX_LANGUAGE_STANDARD = "gnu++0x";
				CLANG_CXX_LIBRARY = "libc++";
				CLANG_ENABLE_MODULES = YES;
				CLANG_ENABLE_OBJC_ARC = YES;
				CLANG_WARN_BOOL_CONVERSION = YES;
				CLANG_WARN_CONSTANT_CONVERSION = YES;
				CLANG_WARN_DIRECT_OBJC_ISA_USAGE = YES_ERROR;
				CLANG_WARN_DOCUMENTATION_COMMENTS = YES;
				CLANG_WARN_EMPTY_BODY = YES;
				CLANG_WARN_ENUM_CONVERSION = YES;
				CLANG_WARN_INFINITE_RECURSION = YES;
				CLANG_WARN_INT_CONVERSION = YES;
				CLANG_WARN_OBJC_ROOT_CLASS = YES_ERROR;
				CLANG_WARN_SUSPICIOUS_MOVE = YES;
				CLANG_WARN_UNREACHABLE_CODE = YES;
				CLANG_WARN__DUPLICATE_METHOD_MATCH = YES;
				"CODE_SIGN_IDENTITY[sdk=iphoneos*]" = "iPhone Developer";
				COPY_PHASE_STRIP = NO;
				DEBUG_INFORMATION_FORMAT = "dwarf-with-dsym";
				ENABLE_NS_ASSERTIONS = NO;
				ENABLE_STRICT_OBJC_MSGSEND = YES;
				GCC_C_LANGUAGE_STANDARD = gnu99;
				GCC_NO_COMMON_BLOCKS = YES;
				GCC_WARN_64_TO_32_BIT_CONVERSION = YES;
				GCC_WARN_ABOUT_RETURN_TYPE = YES_ERROR;
				GCC_WARN_UNDECLARED_SELECTOR = YES;
				GCC_WARN_UNINITIALIZED_AUTOS = YES_AGGRESSIVE;
				GCC_WARN_UNUSED_FUNCTION = YES;
				GCC_WARN_UNUSED_VARIABLE = YES;
				IPHONEOS_DEPLOYMENT_TARGET = 10.3;
				MTL_ENABLE_DEBUG_INFO = NO;
				SDKROOT = iphoneos;
				TARGETED_DEVICE_FAMILY = "1,2";
				VALIDATE_PRODUCT = YES;
			};
			name = Release;
		};
		4AB30AF01EEE2B56001C4D54 /* Debug */ = {
			isa = XCBuildConfiguration;
			buildSettings = {
				ASSETCATALOG_COMPILER_APPICON_NAME = AppIcon;
				DEVELOPMENT_TEAM = HCCWVL286N;
				INFOPLIST_FILE = "NSNotificationCenter-KVO/Info.plist";
				LD_RUNPATH_SEARCH_PATHS = "$(inherited) @executable_path/Frameworks";
				PRODUCT_BUNDLE_IDENTIFIER = "com.harry.NSNotificationCenter-KVO";
				PRODUCT_NAME = "$(TARGET_NAME)";
			};
			name = Debug;
		};
		4AB30AF11EEE2B56001C4D54 /* Release */ = {
			isa = XCBuildConfiguration;
			buildSettings = {
				ASSETCATALOG_COMPILER_APPICON_NAME = AppIcon;
				DEVELOPMENT_TEAM = HCCWVL286N;
				INFOPLIST_FILE = "NSNotificationCenter-KVO/Info.plist";
				LD_RUNPATH_SEARCH_PATHS = "$(inherited) @executable_path/Frameworks";
				PRODUCT_BUNDLE_IDENTIFIER = "com.harry.NSNotificationCenter-KVO";
				PRODUCT_NAME = "$(TARGET_NAME)";
			};
			name = Release;
		};
/* End XCBuildConfiguration section */

/* Begin XCConfigurationList section */
		4AB30AD31EEE2B56001C4D54 /* Build configuration list for PBXProject "NSNotificationCenter-KVO" */ = {
			isa = XCConfigurationList;
			buildConfigurations = (
				4AB30AED1EEE2B56001C4D54 /* Debug */,
				4AB30AEE1EEE2B56001C4D54 /* Release */,
			);
			defaultConfigurationIsVisible = 0;
			defaultConfigurationName = Release;
		};
		4AB30AEF1EEE2B56001C4D54 /* Build configuration list for PBXNativeTarget "NSNotificationCenter-KVO" */ = {
			isa = XCConfigurationList;
			buildConfigurations = (
				4AB30AF01EEE2B56001C4D54 /* Debug */,
				4AB30AF11EEE2B56001C4D54 /* Release */,
			);
			defaultConfigurationIsVisible = 0;
		};
/* End XCConfigurationList section */
	};
	rootObject = 4AB30AD01EEE2B56001C4D54 /* Project object */;
}
